<?xml version="1.0" encoding="utf-8"?>
<Project ToolsVersion="4.0" xmlns="http://schemas.microsoft.com/developer/msbuild/2003">
  <ItemGroup>
    <Filter Include="ソース ファイル">
      <UniqueIdentifier>{4FC737F1-C7A5-4376-A066-2A32D752A2FF}</UniqueIdentifier>
      <Extensions>cpp;c;cc;cxx;def;odl;idl;hpj;bat;asm;asmx</Extensions>
    </Filter>
    <Filter Include="ヘッダー ファイル">
      <UniqueIdentifier>{93995380-89BD-4b04-88EB-625FBE52EBFB}</UniqueIdentifier>
      <Extensions>h;hh;hpp;hxx;hm;inl;inc;ipp;xsd</Extensions>
    </Filter>
    <Filter Include="リソース ファイル">
      <UniqueIdentifier>{67DA6AB6-F800-4c08-8B7A-83BB121AAD01}</UniqueIdentifier>
      <Extensions>rc;ico;cur;bmp;dlg;rc2;rct;bin;rgs;gif;jpg;jpeg;jpe;resx;tiff;tif;png;wav;mfcribbon-ms</Extensions>
    </Filter>
    <Filter Include="ソース ファイル\各種Managerクラス">
      <UniqueIdentifier>{6d1e25ea-df16-4020-baf1-8483506a333e}</UniqueIdentifier>
    </Filter>
    <Filter Include="ヘッダー ファイル\各種Managerクラス">
      <UniqueIdentifier>{71ec6eeb-83fb-4540-9505-179038d640cf}</UniqueIdentifier>
    </Filter>
    <Filter Include="ソース ファイル\各種Collisionクラス">
      <UniqueIdentifier>{66b14794-23f2-4b1c-8de5-7fa8ab086318}</UniqueIdentifier>
    </Filter>
    <Filter Include="ヘッダー ファイル\各種Collisionクラス">
      <UniqueIdentifier>{30194389-8632-44c8-9eaa-a36365f2cee0}</UniqueIdentifier>
    </Filter>
  </ItemGroup>
  <ItemGroup>
    <ClCompile Include="Sources\main.cpp">
      <Filter>ソース ファイル</Filter>
    </ClCompile>
    <ClCompile Include="Sources\AudioManager.cpp">
      <Filter>ソース ファイル\各種Managerクラス</Filter>
    </ClCompile>
    <ClCompile Include="Sources\CollisionManager.cpp">
      <Filter>ソース ファイル\各種Managerクラス</Filter>
    </ClCompile>
    <ClCompile Include="Sources\DXManager.cpp">
      <Filter>ソース ファイル\各種Managerクラス</Filter>
    </ClCompile>
    <ClCompile Include="Sources\InputManager.cpp">
      <Filter>ソース ファイル\各種Managerクラス</Filter>
    </ClCompile>
    <ClCompile Include="Sources\Manager.cpp">
      <Filter>ソース ファイル\各種Managerクラス</Filter>
    </ClCompile>
    <ClCompile Include="Sources\WindowManager.cpp">
      <Filter>ソース ファイル\各種Managerクラス</Filter>
    </ClCompile>
    <ClCompile Include="Sources\Collision.cpp">
      <Filter>ソース ファイル\各種Collisionクラス</Filter>
    </ClCompile>
    <ClCompile Include="Sources\CollisionCapsule.cpp">
      <Filter>ソース ファイル\各種Collisionクラス</Filter>
    </ClCompile>
    <ClCompile Include="Sources\CollisionCone.cpp">
      <Filter>ソース ファイル\各種Collisionクラス</Filter>
    </ClCompile>
    <ClCompile Include="Sources\CollisionOBB.cpp">
      <Filter>ソース ファイル\各種Collisionクラス</Filter>
    </ClCompile>
    <ClCompile Include="Sources\CollisionSphere.cpp">
      <Filter>ソース ファイル\各種Collisionクラス</Filter>
    </ClCompile>
    <ClCompile Include="Sources\Component.cpp">
      <Filter>ソース ファイル</Filter>
    </ClCompile>
    <ClCompile Include="Sources\GameObject.cpp">
      <Filter>ソース ファイル</Filter>
    </ClCompile>
  </ItemGroup>
  <ItemGroup>
    <ClInclude Include="Sources\main.h">
      <Filter>ヘッダー ファイル</Filter>
    </ClInclude>
    <ClInclude Include="Sources\AudioManager.h">
      <Filter>ヘッダー ファイル\各種Managerクラス</Filter>
    </ClInclude>
    <ClInclude Include="Sources\CollisionManager.h">
      <Filter>ヘッダー ファイル\各種Managerクラス</Filter>
    </ClInclude>
    <ClInclude Include="Sources\InputManager.h">
      <Filter>ヘッダー ファイル\各種Managerクラス</Filter>
    </ClInclude>
    <ClInclude Include="Sources\DXManager.h">
      <Filter>ヘッダー ファイル\各種Managerクラス</Filter>
    </ClInclude>
    <ClInclude Include="Sources\Manager.h">
      <Filter>ヘッダー ファイル\各種Managerクラス</Filter>
    </ClInclude>
    <ClInclude Include="Sources\WindowManager.h">
      <Filter>ヘッダー ファイル\各種Managerクラス</Filter>
    </ClInclude>
    <ClInclude Include="Sources\Collision.h">
      <Filter>ヘッダー ファイル\各種Collisionクラス</Filter>
    </ClInclude>
    <ClInclude Include="Sources\CollisionCapsule.h">
      <Filter>ヘッダー ファイル\各種Collisionクラス</Filter>
    </ClInclude>
    <ClInclude Include="Sources\CollisionCone.h">
      <Filter>ヘッダー ファイル\各種Collisionクラス</Filter>
    </ClInclude>
    <ClInclude Include="Sources\CollisionOBB.h">
      <Filter>ヘッダー ファイル\各種Collisionクラス</Filter>
    </ClInclude>
    <ClInclude Include="Sources\CollisionSphere.h">
      <Filter>ヘッダー ファイル\各種Collisionクラス</Filter>
    </ClInclude>
    <ClInclude Include="Sources\Component.h">
      <Filter>ヘッダー ファイル</Filter>
    </ClInclude>
    <ClInclude Include="Sources\GameObject.h">
      <Filter>ヘッダー ファイル</Filter>
    </ClInclude>
  </ItemGroup>
</Project>